
Microsoft Visual Studio Solution File, Format Version 12.00
# Visual Studio 15
VisualStudioVersion = 15.0.27004.2008
MinimumVisualStudioVersion = 10.0.40219.1
Project("{FAE04EC0-301F-11D3-BF4B-00C04F79EFBC}") = "AspNetMvcSimpleInjector", "AspNetMvcSimpleInjector\AspNetMvcSimpleInjector.csproj", "{176FF848-7FD1-47DD-A453-E31A9C36D3DD}"
EndProject
Project("{FAE04EC0-301F-11D3-BF4B-00C04F79EFBC}") = "AspNetMvcSimpleInjector.Tests", "AspNetMvcSimpleInjector.Tests\AspNetMvcSimpleInjector.Tests.csproj", "{346BAF88-6E81-4427-9C3C-1FE501D26E14}"
EndProject
Project("{FAE04EC0-301F-11D3-BF4B-00C04F79EFBC}") = "Services", "Services\Services.csproj", "{B39609C5-C4EE-4962-BE52-A9B1FAF61024}"
EndProject
Global
	GlobalSection(SolutionConfigurationPlatforms) = preSolution
		Debug|Any CPU = Debug|Any CPU
		Release|Any CPU = Release|Any CPU
	EndGlobalSection
	GlobalSection(ProjectConfigurationPlatforms) = postSolution
		{176FF848-7FD1-47DD-A453-E31A9C36D3DD}.Debug|Any CPU.ActiveCfg = Debug|Any CPU
		{176FF848-7FD1-47DD-A453-E31A9C36D3DD}.Debug|Any CPU.Build.0 = Debug|Any CPU
		{176FF848-7FD1-47DD-A453-E31A9C36D3DD}.Release|Any CPU.ActiveCfg = Release|Any CPU
		{176FF848-7FD1-47DD-A453-E31A9C36D3DD}.Release|Any CPU.Build.0 = Release|Any CPU
		{346BAF88-6E81-4427-9C3C-1FE501D26E14}.Debug|Any CPU.ActiveCfg = Debug|Any CPU
		{346BAF88-6E81-4427-9C3C-1FE501D26E14}.Debug|Any CPU.Build.0 = Debug|Any CPU
		{346BAF88-6E81-4427-9C3C-1FE501D26E14}.Release|Any CPU.ActiveCfg = Release|Any CPU
		{346BAF88-6E81-4427-9C3C-1FE501D26E14}.Release|Any CPU.Build.0 = Release|Any CPU
		{B39609C5-C4EE-4962-BE52-A9B1FAF61024}.Debug|Any CPU.ActiveCfg = Debug|Any CPU
		{B39609C5-C4EE-4962-BE52-A9B1FAF61024}.Debug|Any CPU.Build.0 = Debug|Any CPU
		{B39609C5-C4EE-4962-BE52-A9B1FAF61024}.Release|Any CPU.ActiveCfg = Release|Any CPU
		{B39609C5-C4EE-4962-BE52-A9B1FAF61024}.Release|Any CPU.Build.0 = Release|Any CPU
	EndGlobalSection
	GlobalSection(SolutionProperties) = preSolution
		HideSolutionNode = FALSE
	EndGlobalSection
	GlobalSection(ExtensibilityGlobals) = postSolution
		SolutionGuid = {E074909C-D134-415B-B8D5-BA0696E0834A}
	EndGlobalSection
EndGlobal
